
Microsoft Visual Studio Solution File, Format Version 12.00
# Visual Studio Version 17
VisualStudioVersion = 17.0.31903.59
MinimumVisualStudioVersion = 10.0.40219.1
Project("{2150E333-8FDC-42A3-9474-1A3956D46DE8}") = "backend", "backend", "{D7903D46-DFAA-4929-96CE-2284BABE897A}"
EndProject
Project("{FAE04EC0-301F-11D3-BF4B-00C04F79EFBC}") = "FantasyAnalysis.Api", "backend\FantasyAnalysis.Api\FantasyAnalysis.Api.csproj", "{875A23F1-B4EF-47DE-BC44-0ED2894AD582}"
EndProject
Project("{FAE04EC0-301F-11D3-BF4B-00C04F79EFBC}") = "FantasyAnalysis.Api.Tests", "backend\FantasyAnalysis.Api.Tests\FantasyAnalysis.Api.Tests.csproj", "{06C8FBC5-8687-4C82-86FD-648BE876E3E8}"
EndProject
Global
	GlobalSection(SolutionConfigurationPlatforms) = preSolution
		Debug|Any CPU = Debug|Any CPU
		Release|Any CPU = Release|Any CPU
	EndGlobalSection
	GlobalSection(SolutionProperties) = preSolution
		HideSolutionNode = FALSE
	EndGlobalSection
	GlobalSection(ProjectConfigurationPlatforms) = postSolution
		{875A23F1-B4EF-47DE-BC44-0ED2894AD582}.Debug|Any CPU.ActiveCfg = Debug|Any CPU
		{875A23F1-B4EF-47DE-BC44-0ED2894AD582}.Debug|Any CPU.Build.0 = Debug|Any CPU
		{875A23F1-B4EF-47DE-BC44-0ED2894AD582}.Release|Any CPU.ActiveCfg = Release|Any CPU
		{875A23F1-B4EF-47DE-BC44-0ED2894AD582}.Release|Any CPU.Build.0 = Release|Any CPU
		{06C8FBC5-8687-4C82-86FD-648BE876E3E8}.Debug|Any CPU.ActiveCfg = Debug|Any CPU
		{06C8FBC5-8687-4C82-86FD-648BE876E3E8}.Debug|Any CPU.Build.0 = Debug|Any CPU
		{06C8FBC5-8687-4C82-86FD-648BE876E3E8}.Release|Any CPU.ActiveCfg = Release|Any CPU
		{06C8FBC5-8687-4C82-86FD-648BE876E3E8}.Release|Any CPU.Build.0 = Release|Any CPU
	EndGlobalSection
	GlobalSection(NestedProjects) = preSolution
		{875A23F1-B4EF-47DE-BC44-0ED2894AD582} = {D7903D46-DFAA-4929-96CE-2284BABE897A}
		{06C8FBC5-8687-4C82-86FD-648BE876E3E8} = {D7903D46-DFAA-4929-96CE-2284BABE897A}
	EndGlobalSection
EndGlobal
